// !$*UTF8*$!
{
	archiveVersion = 1;
	classes = {
	};
	objectVersion = 46;
	objects = {

/* Begin PBXBuildFile section */
		2774FD6C1D44CBFD00B6A24B /* main.m in Sources */ = {isa = PBXBuildFile; fileRef = 2774FD6B1D44CBFD00B6A24B /* main.m */; };
		2774FD6F1D44CBFD00B6A24B /* AppDelegate.m in Sources */ = {isa = PBXBuildFile; fileRef = 2774FD6E1D44CBFD00B6A24B /* AppDelegate.m */; };
		2774FD721D44CBFD00B6A24B /* AMSideBarViewController.m in Sources */ = {isa = PBXBuildFile; fileRef = 2774FD711D44CBFD00B6A24B /* AMSideBarViewController.m */; };
		2774FD751D44CBFD00B6A24B /* Main.storyboard in Resources */ = {isa = PBXBuildFile; fileRef = 2774FD731D44CBFD00B6A24B /* Main.storyboard */; };
		2774FD771D44CBFD00B6A24B /* Assets.xcassets in Resources */ = {isa = PBXBuildFile; fileRef = 2774FD761D44CBFD00B6A24B /* Assets.xcassets */; };
		2774FD7A1D44CBFD00B6A24B /* LaunchScreen.storyboard in Resources */ = {isa = PBXBuildFile; fileRef = 2774FD781D44CBFD00B6A24B /* LaunchScreen.storyboard */; };
		2774FD911D451E8F00B6A24B /* defaultUserMenuViewController.m in Sources */ = {isa = PBXBuildFile; fileRef = 2774FD901D451E8F00B6A24B /* defaultUserMenuViewController.m */; };
		2774FD941D46125500B6A24B /* detailsViewController.m in Sources */ = {isa = PBXBuildFile; fileRef = 2774FD931D46125500B6A24B /* detailsViewController.m */; };
		2774FD971D48BD7400B6A24B /* WebViewController.m in Sources */ = {isa = PBXBuildFile; fileRef = 2774FD961D48BD7400B6A24B /* WebViewController.m */; };
		2774FD9A1D48D05E00B6A24B /* LogInViewController.m in Sources */ = {isa = PBXBuildFile; fileRef = 2774FD991D48D05E00B6A24B /* LogInViewController.m */; };
		2774FD9D1D48D78500B6A24B /* LogInTableViewCell.m in Sources */ = {isa = PBXBuildFile; fileRef = 2774FD9C1D48D78500B6A24B /* LogInTableViewCell.m */; };
		2774FD9F1D48D7E100B6A24B /* LogInTableViewCell.xib in Resources */ = {isa = PBXBuildFile; fileRef = 2774FD9E1D48D7E100B6A24B /* LogInTableViewCell.xib */; };
		2774FDA11D49FF6800B6A24B /* searchBarCell.xib in Resources */ = {isa = PBXBuildFile; fileRef = 2774FDA01D49FF6800B6A24B /* searchBarCell.xib */; };
		2774FDA41D4A10BB00B6A24B /* searchBarCell.m in Sources */ = {isa = PBXBuildFile; fileRef = 2774FDA31D4A10BB00B6A24B /* searchBarCell.m */; };
		2774FDA71D4A29EE00B6A24B /* repoListViewController.m in Sources */ = {isa = PBXBuildFile; fileRef = 2774FDA61D4A29EE00B6A24B /* repoListViewController.m */; };
		2774FDA91D4A2A8500B6A24B /* repoCell.xib in Resources */ = {isa = PBXBuildFile; fileRef = 2774FDA81D4A2A8500B6A24B /* repoCell.xib */; };
		2774FDAC1D4A4A7700B6A24B /* repoCell.m in Sources */ = {isa = PBXBuildFile; fileRef = 2774FDAB1D4A4A7700B6A24B /* repoCell.m */; };
		2774FDAF1D4A5A9900B6A24B /* GitHubRepository.m in Sources */ = {isa = PBXBuildFile; fileRef = 2774FDAE1D4A5A9900B6A24B /* GitHubRepository.m */; };
		2774FDB21D4A5ADF00B6A24B /* GitHubUser.m in Sources */ = {isa = PBXBuildFile; fileRef = 2774FDB11D4A5ADF00B6A24B /* GitHubUser.m */; };
		2774FDB51D4A636100B6A24B /* InternetConnectionController.m in Sources */ = {isa = PBXBuildFile; fileRef = 2774FDB41D4A636100B6A24B /* InternetConnectionController.m */; };
		27A23D731D4E72AD0013259C /* AMDataManager.m in Sources */ = {isa = PBXBuildFile; fileRef = 27A23D721D4E72AD0013259C /* AMDataManager.m */; };
		27A23D761D4EA7E10013259C /* UIImage+ResizingImg.m in Sources */ = {isa = PBXBuildFile; fileRef = 27A23D751D4EA7E10013259C /* UIImage+ResizingImg.m */; };
		27A23D791D4F5E300013259C /* RepositoryViewController.m in Sources */ = {isa = PBXBuildFile; fileRef = 27A23D781D4F5E300013259C /* RepositoryViewController.m */; };
		27A23D7E1D4F66780013259C /* RepoAvatarView.m in Sources */ = {isa = PBXBuildFile; fileRef = 27A23D7D1D4F66780013259C /* RepoAvatarView.m */; };
		27A23D811D4F91100013259C /* UIColor+GitHubColor.m in Sources */ = {isa = PBXBuildFile; fileRef = 27A23D801D4F91100013259C /* UIColor+GitHubColor.m */; };
		27A23D881D50C0EF0013259C /* repoCollectionViewCell.m in Sources */ = {isa = PBXBuildFile; fileRef = 27A23D871D50C0EF0013259C /* repoCollectionViewCell.m */; };
/* End PBXBuildFile section */

/* Begin PBXFileReference section */
		2774FD671D44CBFD00B6A24B /* AMGitHubApplication.app */ = {isa = PBXFileReference; explicitFileType = wrapper.application; includeInIndex = 0; path = AMGitHubApplication.app; sourceTree = BUILT_PRODUCTS_DIR; };
		2774FD6B1D44CBFD00B6A24B /* main.m */ = {isa = PBXFileReference; lastKnownFileType = sourcecode.c.objc; path = main.m; sourceTree = "<group>"; };
		2774FD6D1D44CBFD00B6A24B /* AppDelegate.h */ = {isa = PBXFileReference; lastKnownFileType = sourcecode.c.h; path = AppDelegate.h; sourceTree = "<group>"; };
		2774FD6E1D44CBFD00B6A24B /* AppDelegate.m */ = {isa = PBXFileReference; lastKnownFileType = sourcecode.c.objc; path = AppDelegate.m; sourceTree = "<group>"; };
		2774FD701D44CBFD00B6A24B /* AMSideBarViewController.h */ = {isa = PBXFileReference; lastKnownFileType = sourcecode.c.h; path = AMSideBarViewController.h; sourceTree = "<group>"; };
		2774FD711D44CBFD00B6A24B /* AMSideBarViewController.m */ = {isa = PBXFileReference; lastKnownFileType = sourcecode.c.objc; path = AMSideBarViewController.m; sourceTree = "<group>"; };
		2774FD741D44CBFD00B6A24B /* Base */ = {isa = PBXFileReference; lastKnownFileType = file.storyboard; name = Base; path = Base.lproj/Main.storyboard; sourceTree = "<group>"; };
		2774FD761D44CBFD00B6A24B /* Assets.xcassets */ = {isa = PBXFileReference; lastKnownFileType = folder.assetcatalog; path = Assets.xcassets; sourceTree = "<group>"; };
		2774FD791D44CBFD00B6A24B /* Base */ = {isa = PBXFileReference; lastKnownFileType = file.storyboard; name = Base; path = Base.lproj/LaunchScreen.storyboard; sourceTree = "<group>"; };
		2774FD7B1D44CBFD00B6A24B /* Info.plist */ = {isa = PBXFileReference; lastKnownFileType = text.plist.xml; path = Info.plist; sourceTree = "<group>"; };
		2774FD8F1D451E8F00B6A24B /* defaultUserMenuViewController.h */ = {isa = PBXFileReference; fileEncoding = 4; lastKnownFileType = sourcecode.c.h; path = defaultUserMenuViewController.h; sourceTree = "<group>"; };
		2774FD901D451E8F00B6A24B /* defaultUserMenuViewController.m */ = {isa = PBXFileReference; fileEncoding = 4; lastKnownFileType = sourcecode.c.objc; path = defaultUserMenuViewController.m; sourceTree = "<group>"; };
		2774FD921D46125500B6A24B /* detailsViewController.h */ = {isa = PBXFileReference; fileEncoding = 4; lastKnownFileType = sourcecode.c.h; path = detailsViewController.h; sourceTree = "<group>"; };
		2774FD931D46125500B6A24B /* detailsViewController.m */ = {isa = PBXFileReference; fileEncoding = 4; lastKnownFileType = sourcecode.c.objc; path = detailsViewController.m; sourceTree = "<group>"; };
		2774FD951D48BD7400B6A24B /* WebViewController.h */ = {isa = PBXFileReference; fileEncoding = 4; lastKnownFileType = sourcecode.c.h; path = WebViewController.h; sourceTree = "<group>"; };
		2774FD961D48BD7400B6A24B /* WebViewController.m */ = {isa = PBXFileReference; fileEncoding = 4; lastKnownFileType = sourcecode.c.objc; path = WebViewController.m; sourceTree = "<group>"; };
		2774FD981D48D05E00B6A24B /* LogInViewController.h */ = {isa = PBXFileReference; fileEncoding = 4; lastKnownFileType = sourcecode.c.h; path = LogInViewController.h; sourceTree = "<group>"; };
		2774FD991D48D05E00B6A24B /* LogInViewController.m */ = {isa = PBXFileReference; fileEncoding = 4; lastKnownFileType = sourcecode.c.objc; path = LogInViewController.m; sourceTree = "<group>"; };
		2774FD9B1D48D78500B6A24B /* LogInTableViewCell.h */ = {isa = PBXFileReference; fileEncoding = 4; lastKnownFileType = sourcecode.c.h; path = LogInTableViewCell.h; sourceTree = "<group>"; };
		2774FD9C1D48D78500B6A24B /* LogInTableViewCell.m */ = {isa = PBXFileReference; fileEncoding = 4; lastKnownFileType = sourcecode.c.objc; path = LogInTableViewCell.m; sourceTree = "<group>"; };
		2774FD9E1D48D7E100B6A24B /* LogInTableViewCell.xib */ = {isa = PBXFileReference; fileEncoding = 4; lastKnownFileType = file.xib; path = LogInTableViewCell.xib; sourceTree = "<group>"; };
		2774FDA01D49FF6800B6A24B /* searchBarCell.xib */ = {isa = PBXFileReference; fileEncoding = 4; lastKnownFileType = file.xib; path = searchBarCell.xib; sourceTree = "<group>"; };
		2774FDA21D4A10BB00B6A24B /* searchBarCell.h */ = {isa = PBXFileReference; fileEncoding = 4; lastKnownFileType = sourcecode.c.h; path = searchBarCell.h; sourceTree = "<group>"; };
		2774FDA31D4A10BB00B6A24B /* searchBarCell.m */ = {isa = PBXFileReference; fileEncoding = 4; lastKnownFileType = sourcecode.c.objc; path = searchBarCell.m; sourceTree = "<group>"; };
		2774FDA51D4A29EE00B6A24B /* repoListViewController.h */ = {isa = PBXFileReference; fileEncoding = 4; lastKnownFileType = sourcecode.c.h; path = repoListViewController.h; sourceTree = "<group>"; };
		2774FDA61D4A29EE00B6A24B /* repoListViewController.m */ = {isa = PBXFileReference; fileEncoding = 4; lastKnownFileType = sourcecode.c.objc; path = repoListViewController.m; sourceTree = "<group>"; };
		2774FDA81D4A2A8500B6A24B /* repoCell.xib */ = {isa = PBXFileReference; fileEncoding = 4; lastKnownFileType = file.xib; path = repoCell.xib; sourceTree = "<group>"; };
		2774FDAA1D4A4A7700B6A24B /* repoCell.h */ = {isa = PBXFileReference; fileEncoding = 4; lastKnownFileType = sourcecode.c.h; path = repoCell.h; sourceTree = "<group>"; };
		2774FDAB1D4A4A7700B6A24B /* repoCell.m */ = {isa = PBXFileReference; fileEncoding = 4; lastKnownFileType = sourcecode.c.objc; path = repoCell.m; sourceTree = "<group>"; };
		2774FDAD1D4A5A9900B6A24B /* GitHubRepository.h */ = {isa = PBXFileReference; fileEncoding = 4; lastKnownFileType = sourcecode.c.h; path = GitHubRepository.h; sourceTree = "<group>"; };
		2774FDAE1D4A5A9900B6A24B /* GitHubRepository.m */ = {isa = PBXFileReference; fileEncoding = 4; lastKnownFileType = sourcecode.c.objc; path = GitHubRepository.m; sourceTree = "<group>"; };
		2774FDB01D4A5ADF00B6A24B /* GitHubUser.h */ = {isa = PBXFileReference; fileEncoding = 4; lastKnownFileType = sourcecode.c.h; path = GitHubUser.h; sourceTree = "<group>"; };
		2774FDB11D4A5ADF00B6A24B /* GitHubUser.m */ = {isa = PBXFileReference; fileEncoding = 4; lastKnownFileType = sourcecode.c.objc; path = GitHubUser.m; sourceTree = "<group>"; };
		2774FDB31D4A636100B6A24B /* InternetConnectionController.h */ = {isa = PBXFileReference; fileEncoding = 4; lastKnownFileType = sourcecode.c.h; path = InternetConnectionController.h; sourceTree = "<group>"; };
		2774FDB41D4A636100B6A24B /* InternetConnectionController.m */ = {isa = PBXFileReference; fileEncoding = 4; lastKnownFileType = sourcecode.c.objc; path = InternetConnectionController.m; sourceTree = "<group>"; };
		27A23D711D4E72AD0013259C /* AMDataManager.h */ = {isa = PBXFileReference; fileEncoding = 4; lastKnownFileType = sourcecode.c.h; path = AMDataManager.h; sourceTree = "<group>"; };
		27A23D721D4E72AD0013259C /* AMDataManager.m */ = {isa = PBXFileReference; fileEncoding = 4; lastKnownFileType = sourcecode.c.objc; path = AMDataManager.m; sourceTree = "<group>"; };
		27A23D741D4EA7E10013259C /* UIImage+ResizingImg.h */ = {isa = PBXFileReference; fileEncoding = 4; lastKnownFileType = sourcecode.c.h; path = "UIImage+ResizingImg.h"; sourceTree = "<group>"; };
		27A23D751D4EA7E10013259C /* UIImage+ResizingImg.m */ = {isa = PBXFileReference; fileEncoding = 4; lastKnownFileType = sourcecode.c.objc; path = "UIImage+ResizingImg.m"; sourceTree = "<group>"; };
		27A23D771D4F5E300013259C /* RepositoryViewController.h */ = {isa = PBXFileReference; fileEncoding = 4; lastKnownFileType = sourcecode.c.h; path = RepositoryViewController.h; sourceTree = "<group>"; };
		27A23D781D4F5E300013259C /* RepositoryViewController.m */ = {isa = PBXFileReference; fileEncoding = 4; lastKnownFileType = sourcecode.c.objc; path = RepositoryViewController.m; sourceTree = "<group>"; };
		27A23D7C1D4F66780013259C /* RepoAvatarView.h */ = {isa = PBXFileReference; fileEncoding = 4; lastKnownFileType = sourcecode.c.h; path = RepoAvatarView.h; sourceTree = "<group>"; };
		27A23D7D1D4F66780013259C /* RepoAvatarView.m */ = {isa = PBXFileReference; fileEncoding = 4; lastKnownFileType = sourcecode.c.objc; path = RepoAvatarView.m; sourceTree = "<group>"; };
		27A23D7F1D4F91100013259C /* UIColor+GitHubColor.h */ = {isa = PBXFileReference; fileEncoding = 4; lastKnownFileType = sourcecode.c.h; path = "UIColor+GitHubColor.h"; sourceTree = "<group>"; };
		27A23D801D4F91100013259C /* UIColor+GitHubColor.m */ = {isa = PBXFileReference; fileEncoding = 4; lastKnownFileType = sourcecode.c.objc; path = "UIColor+GitHubColor.m"; sourceTree = "<group>"; };
		27A23D861D50C0EF0013259C /* repoCollectionViewCell.h */ = {isa = PBXFileReference; fileEncoding = 4; lastKnownFileType = sourcecode.c.h; path = repoCollectionViewCell.h; sourceTree = "<group>"; };
		27A23D871D50C0EF0013259C /* repoCollectionViewCell.m */ = {isa = PBXFileReference; fileEncoding = 4; lastKnownFileType = sourcecode.c.objc; path = repoCollectionViewCell.m; sourceTree = "<group>"; };
/* End PBXFileReference section */

/* Begin PBXFrameworksBuildPhase section */
		2774FD641D44CBFD00B6A24B /* Frameworks */ = {
			isa = PBXFrameworksBuildPhase;
			buildActionMask = 2147483647;
			files = (
			);
			runOnlyForDeploymentPostprocessing = 0;
		};
/* End PBXFrameworksBuildPhase section */

/* Begin PBXGroup section */
		2774FD5E1D44CBFD00B6A24B = {
			isa = PBXGroup;
			children = (
				2774FD691D44CBFD00B6A24B /* AMGitHubApplication */,
				2774FD681D44CBFD00B6A24B /* Products */,
			);
			sourceTree = "<group>";
		};
		2774FD681D44CBFD00B6A24B /* Products */ = {
			isa = PBXGroup;
			children = (
				2774FD671D44CBFD00B6A24B /* AMGitHubApplication.app */,
			);
			name = Products;
			sourceTree = "<group>";
		};
		2774FD691D44CBFD00B6A24B /* AMGitHubApplication */ = {
			isa = PBXGroup;
			children = (
				2774FD6D1D44CBFD00B6A24B /* AppDelegate.h */,
				2774FD6E1D44CBFD00B6A24B /* AppDelegate.m */,
				2774FD701D44CBFD00B6A24B /* AMSideBarViewController.h */,
				2774FD711D44CBFD00B6A24B /* AMSideBarViewController.m */,
				2774FD731D44CBFD00B6A24B /* Main.storyboard */,
				2774FD761D44CBFD00B6A24B /* Assets.xcassets */,
				2774FD781D44CBFD00B6A24B /* LaunchScreen.storyboard */,
				2774FD7B1D44CBFD00B6A24B /* Info.plist */,
				2774FD6A1D44CBFD00B6A24B /* Supporting Files */,
				2774FD8F1D451E8F00B6A24B /* defaultUserMenuViewController.h */,
				2774FD901D451E8F00B6A24B /* defaultUserMenuViewController.m */,
				2774FD921D46125500B6A24B /* detailsViewController.h */,
				2774FD931D46125500B6A24B /* detailsViewController.m */,
				2774FD951D48BD7400B6A24B /* WebViewController.h */,
				2774FD961D48BD7400B6A24B /* WebViewController.m */,
				2774FD981D48D05E00B6A24B /* LogInViewController.h */,
				2774FD991D48D05E00B6A24B /* LogInViewController.m */,
				2774FD9B1D48D78500B6A24B /* LogInTableViewCell.h */,
				2774FD9C1D48D78500B6A24B /* LogInTableViewCell.m */,
				2774FD9E1D48D7E100B6A24B /* LogInTableViewCell.xib */,
				2774FDA01D49FF6800B6A24B /* searchBarCell.xib */,
				2774FDA21D4A10BB00B6A24B /* searchBarCell.h */,
				2774FDA31D4A10BB00B6A24B /* searchBarCell.m */,
				2774FDA51D4A29EE00B6A24B /* repoListViewController.h */,
				2774FDA61D4A29EE00B6A24B /* repoListViewController.m */,
				2774FDA81D4A2A8500B6A24B /* repoCell.xib */,
				2774FDAA1D4A4A7700B6A24B /* repoCell.h */,
				2774FDAB1D4A4A7700B6A24B /* repoCell.m */,
				2774FDAD1D4A5A9900B6A24B /* GitHubRepository.h */,
				2774FDAE1D4A5A9900B6A24B /* GitHubRepository.m */,
				2774FDB01D4A5ADF00B6A24B /* GitHubUser.h */,
				2774FDB11D4A5ADF00B6A24B /* GitHubUser.m */,
				2774FDB31D4A636100B6A24B /* InternetConnectionController.h */,
				2774FDB41D4A636100B6A24B /* InternetConnectionController.m */,
				27A23D711D4E72AD0013259C /* AMDataManager.h */,
				27A23D721D4E72AD0013259C /* AMDataManager.m */,
				27A23D741D4EA7E10013259C /* UIImage+ResizingImg.h */,
				27A23D751D4EA7E10013259C /* UIImage+ResizingImg.m */,
				27A23D771D4F5E300013259C /* RepositoryViewController.h */,
				27A23D781D4F5E300013259C /* RepositoryViewController.m */,
				27A23D7C1D4F66780013259C /* RepoAvatarView.h */,
				27A23D7D1D4F66780013259C /* RepoAvatarView.m */,
				27A23D7F1D4F91100013259C /* UIColor+GitHubColor.h */,
				27A23D801D4F91100013259C /* UIColor+GitHubColor.m */,
				27A23D861D50C0EF0013259C /* repoCollectionViewCell.h */,
				27A23D871D50C0EF0013259C /* repoCollectionViewCell.m */,
			);
			path = AMGitHubApplication;
			sourceTree = "<group>";
		};
		2774FD6A1D44CBFD00B6A24B /* Supporting Files */ = {
			isa = PBXGroup;
			children = (
				2774FD6B1D44CBFD00B6A24B /* main.m */,
			);
			name = "Supporting Files";
			sourceTree = "<group>";
		};
/* End PBXGroup section */

/* Begin PBXNativeTarget section */
		2774FD661D44CBFD00B6A24B /* AMGitHubApplication */ = {
			isa = PBXNativeTarget;
			buildConfigurationList = 2774FD7E1D44CBFD00B6A24B /* Build configuration list for PBXNativeTarget "AMGitHubApplication" */;
			buildPhases = (
				2774FD631D44CBFD00B6A24B /* Sources */,
				2774FD641D44CBFD00B6A24B /* Frameworks */,
				2774FD651D44CBFD00B6A24B /* Resources */,
			);
			buildRules = (
			);
			dependencies = (
			);
			name = AMGitHubApplication;
			productName = AMGitHubApplication;
			productReference = 2774FD671D44CBFD00B6A24B /* AMGitHubApplication.app */;
			productType = "com.apple.product-type.application";
		};
/* End PBXNativeTarget section */

/* Begin PBXProject section */
		2774FD5F1D44CBFD00B6A24B /* Project object */ = {
			isa = PBXProject;
			attributes = {
				LastUpgradeCheck = 0730;
				ORGANIZATIONNAME = "Амин";
				TargetAttributes = {
					2774FD661D44CBFD00B6A24B = {
						CreatedOnToolsVersion = 7.3.1;
						DevelopmentTeam = XNN93544SQ;
					};
				};
			};
			buildConfigurationList = 2774FD621D44CBFD00B6A24B /* Build configuration list for PBXProject "AMGitHubApplication" */;
			compatibilityVersion = "Xcode 3.2";
			developmentRegion = English;
			hasScannedForEncodings = 0;
			knownRegions = (
				en,
				Base,
			);
			mainGroup = 2774FD5E1D44CBFD00B6A24B;
			productRefGroup = 2774FD681D44CBFD00B6A24B /* Products */;
			projectDirPath = "";
			projectRoot = "";
			targets = (
				2774FD661D44CBFD00B6A24B /* AMGitHubApplication */,
			);
		};
/* End PBXProject section */

/* Begin PBXResourcesBuildPhase section */
		2774FD651D44CBFD00B6A24B /* Resources */ = {
			isa = PBXResourcesBuildPhase;
			buildActionMask = 2147483647;
			files = (
				2774FD7A1D44CBFD00B6A24B /* LaunchScreen.storyboard in Resources */,
				2774FD771D44CBFD00B6A24B /* Assets.xcassets in Resources */,
				2774FDA11D49FF6800B6A24B /* searchBarCell.xib in Resources */,
				2774FD751D44CBFD00B6A24B /* Main.storyboard in Resources */,
				2774FD9F1D48D7E100B6A24B /* LogInTableViewCell.xib in Resources */,
				2774FDA91D4A2A8500B6A24B /* repoCell.xib in Resources */,
			);
			runOnlyForDeploymentPostprocessing = 0;
		};
/* End PBXResourcesBuildPhase section */

/* Begin PBXSourcesBuildPhase section */
		2774FD631D44CBFD00B6A24B /* Sources */ = {
			isa = PBXSourcesBuildPhase;
			buildActionMask = 2147483647;
			files = (
				27A23D881D50C0EF0013259C /* repoCollectionViewCell.m in Sources */,
				2774FD9A1D48D05E00B6A24B /* LogInViewController.m in Sources */,
				2774FD911D451E8F00B6A24B /* defaultUserMenuViewController.m in Sources */,
				2774FDA71D4A29EE00B6A24B /* repoListViewController.m in Sources */,
				2774FD971D48BD7400B6A24B /* WebViewController.m in Sources */,
				27A23D761D4EA7E10013259C /* UIImage+ResizingImg.m in Sources */,
				27A23D7E1D4F66780013259C /* RepoAvatarView.m in Sources */,
				2774FDB51D4A636100B6A24B /* InternetConnectionController.m in Sources */,
				2774FD9D1D48D78500B6A24B /* LogInTableViewCell.m in Sources */,
				27A23D811D4F91100013259C /* UIColor+GitHubColor.m in Sources */,
				2774FD721D44CBFD00B6A24B /* AMSideBarViewController.m in Sources */,
				2774FDA41D4A10BB00B6A24B /* searchBarCell.m in Sources */,
				2774FDB21D4A5ADF00B6A24B /* GitHubUser.m in Sources */,
				2774FD6F1D44CBFD00B6A24B /* AppDelegate.m in Sources */,
				2774FDAF1D4A5A9900B6A24B /* GitHubRepository.m in Sources */,
				2774FD6C1D44CBFD00B6A24B /* main.m in Sources */,
				27A23D791D4F5E300013259C /* RepositoryViewController.m in Sources */,
				27A23D731D4E72AD0013259C /* AMDataManager.m in Sources */,
				2774FDAC1D4A4A7700B6A24B /* repoCell.m in Sources */,
				2774FD941D46125500B6A24B /* detailsViewController.m in Sources */,
			);
			runOnlyForDeploymentPostprocessing = 0;
		};
/* End PBXSourcesBuildPhase section */

/* Begin PBXVariantGroup section */
		2774FD731D44CBFD00B6A24B /* Main.storyboard */ = {
			isa = PBXVariantGroup;
			children = (
				2774FD741D44CBFD00B6A24B /* Base */,
			);
			name = Main.storyboard;
			sourceTree = "<group>";
		};
		2774FD781D44CBFD00B6A24B /* LaunchScreen.storyboard */ = {
			isa = PBXVariantGroup;
			children = (
				2774FD791D44CBFD00B6A24B /* Base */,
			);
			name = LaunchScreen.storyboard;
			sourceTree = "<group>";
		};
/* End PBXVariantGroup section */

/* Begin XCBuildConfiguration section */
		2774FD7C1D44CBFD00B6A24B /* Debug */ = {
			isa = XCBuildConfiguration;
			buildSettings = {
				ALWAYS_SEARCH_USER_PATHS = NO;
				CLANG_ANALYZER_NONNULL = YES;
				CLANG_CXX_LANGUAGE_STANDARD = "gnu++0x";
				CLANG_CXX_LIBRARY = "libc++";
				CLANG_ENABLE_MODULES = YES;
				CLANG_ENABLE_OBJC_ARC = YES;
				CLANG_WARN_BOOL_CONVERSION = YES;
				CLANG_WARN_CONSTANT_CONVERSION = YES;
				CLANG_WARN_DIRECT_OBJC_ISA_USAGE = YES_ERROR;
				CLANG_WARN_EMPTY_BODY = YES;
				CLANG_WARN_ENUM_CONVERSION = YES;
				CLANG_WARN_INT_CONVERSION = YES;
				CLANG_WARN_OBJC_ROOT_CLASS = YES_ERROR;
				CLANG_WARN_UNREACHABLE_CODE = YES;
				CLANG_WARN__DUPLICATE_METHOD_MATCH = YES;
				"CODE_SIGN_IDENTITY[sdk=iphoneos*]" = "iPhone Developer";
				COPY_PHASE_STRIP = NO;
				DEBUG_INFORMATION_FORMAT = dwarf;
				ENABLE_STRICT_OBJC_MSGSEND = YES;
				ENABLE_TESTABILITY = YES;
				GCC_C_LANGUAGE_STANDARD = gnu99;
				GCC_DYNAMIC_NO_PIC = NO;
				GCC_NO_COMMON_BLOCKS = YES;
				GCC_OPTIMIZATION_LEVEL = 0;
				GCC_PREPROCESSOR_DEFINITIONS = (
					"DEBUG=1",
					"$(inherited)",
				);
				GCC_WARN_64_TO_32_BIT_CONVERSION = YES;
				GCC_WARN_ABOUT_RETURN_TYPE = YES_ERROR;
				GCC_WARN_UNDECLARED_SELECTOR = YES;
				GCC_WARN_UNINITIALIZED_AUTOS = YES_AGGRESSIVE;
				GCC_WARN_UNUSED_FUNCTION = YES;
				GCC_WARN_UNUSED_VARIABLE = YES;
				IPHONEOS_DEPLOYMENT_TARGET = 9.3;
				MTL_ENABLE_DEBUG_INFO = YES;
				ONLY_ACTIVE_ARCH = YES;
				SDKROOT = iphoneos;
				TARGETED_DEVICE_FAMILY = "1,2";
			};
			name = Debug;
		};
		2774FD7D1D44CBFD00B6A24B /* Release */ = {
			isa = XCBuildConfiguration;
			buildSettings = {
				ALWAYS_SEARCH_USER_PATHS = NO;
				CLANG_ANALYZER_NONNULL = YES;
				CLANG_CXX_LANGUAGE_STANDARD = "gnu++0x";
				CLANG_CXX_LIBRARY = "libc++";
				CLANG_ENABLE_MODULES = YES;
				CLANG_ENABLE_OBJC_ARC = YES;
				CLANG_WARN_BOOL_CONVERSION = YES;
				CLANG_WARN_CONSTANT_CONVERSION = YES;
				CLANG_WARN_DIRECT_OBJC_ISA_USAGE = YES_ERROR;
				CLANG_WARN_EMPTY_BODY = YES;
				CLANG_WARN_ENUM_CONVERSION = YES;
				CLANG_WARN_INT_CONVERSION = YES;
				CLANG_WARN_OBJC_ROOT_CLASS = YES_ERROR;
				CLANG_WARN_UNREACHABLE_CODE = YES;
				CLANG_WARN__DUPLICATE_METHOD_MATCH = YES;
				"CODE_SIGN_IDENTITY[sdk=iphoneos*]" = "iPhone Developer";
				COPY_PHASE_STRIP = NO;
				DEBUG_INFORMATION_FORMAT = "dwarf-with-dsym";
				ENABLE_NS_ASSERTIONS = NO;
				ENABLE_STRICT_OBJC_MSGSEND = YES;
				GCC_C_LANGUAGE_STANDARD = gnu99;
				GCC_NO_COMMON_BLOCKS = YES;
				GCC_WARN_64_TO_32_BIT_CONVERSION = YES;
				GCC_WARN_ABOUT_RETURN_TYPE = YES_ERROR;
				GCC_WARN_UNDECLARED_SELECTOR = YES;
				GCC_WARN_UNINITIALIZED_AUTOS = YES_AGGRESSIVE;
				GCC_WARN_UNUSED_FUNCTION = YES;
				GCC_WARN_UNUSED_VARIABLE = YES;
				IPHONEOS_DEPLOYMENT_TARGET = 9.3;
				MTL_ENABLE_DEBUG_INFO = NO;
				SDKROOT = iphoneos;
				TARGETED_DEVICE_FAMILY = "1,2";
				VALIDATE_PRODUCT = YES;
			};
			name = Release;
		};
		2774FD7F1D44CBFD00B6A24B /* Debug */ = {
			isa = XCBuildConfiguration;
			buildSettings = {
				ASSETCATALOG_COMPILER_APPICON_NAME = AppIcon;
				CODE_SIGN_IDENTITY = "iPhone Developer";
				"CODE_SIGN_IDENTITY[sdk=iphoneos*]" = "iPhone Developer";
				INFOPLIST_FILE = AMGitHubApplication/Info.plist;
				LD_RUNPATH_SEARCH_PATHS = "$(inherited) @executable_path/Frameworks";
				PRODUCT_BUNDLE_IDENTIFIER = A.Code.AMGitHubApplication;
				PRODUCT_NAME = "$(TARGET_NAME)";
				PROVISIONING_PROFILE = "";
			};
			name = Debug;
		};
		2774FD801D44CBFD00B6A24B /* Release */ = {
			isa = XCBuildConfiguration;
			buildSettings = {
				ASSETCATALOG_COMPILER_APPICON_NAME = AppIcon;
				CODE_SIGN_IDENTITY = "iPhone Developer";
				"CODE_SIGN_IDENTITY[sdk=iphoneos*]" = "iPhone Developer";
				INFOPLIST_FILE = AMGitHubApplication/Info.plist;
				LD_RUNPATH_SEARCH_PATHS = "$(inherited) @executable_path/Frameworks";
				PRODUCT_BUNDLE_IDENTIFIER = A.Code.AMGitHubApplication;
				PRODUCT_NAME = "$(TARGET_NAME)";
				PROVISIONING_PROFILE = "";
			};
			name = Release;
		};
/* End XCBuildConfiguration section */

/* Begin XCConfigurationList section */
		2774FD621D44CBFD00B6A24B /* Build configuration list for PBXProject "AMGitHubApplication" */ = {
			isa = XCConfigurationList;
			buildConfigurations = (
				2774FD7C1D44CBFD00B6A24B /* Debug */,
				2774FD7D1D44CBFD00B6A24B /* Release */,
			);
			defaultConfigurationIsVisible = 0;
			defaultConfigurationName = Release;
		};
		2774FD7E1D44CBFD00B6A24B /* Build configuration list for PBXNativeTarget "AMGitHubApplication" */ = {
			isa = XCConfigurationList;
			buildConfigurations = (
				2774FD7F1D44CBFD00B6A24B /* Debug */,
				2774FD801D44CBFD00B6A24B /* Release */,
			);
			defaultConfigurationIsVisible = 0;
			defaultConfigurationName = Release;
		};
/* End XCConfigurationList section */
	};
	rootObject = 2774FD5F1D44CBFD00B6A24B /* Project object */;
}
